// !$*UTF8*$!
{
	archiveVersion = 1;
	classes = {
	};
	objectVersion = 55;
	objects = {

/* Begin PBXBuildFile section */
		33872CCE2874B5610006B5D6 /* _TemmuzApp.swift in Sources */ = {isa = PBXBuildFile; fileRef = 33872CCD2874B5610006B5D6 /* _TemmuzApp.swift */; };
		33872CD02874B5610006B5D6 /* ContentView.swift in Sources */ = {isa = PBXBuildFile; fileRef = 33872CCF2874B5610006B5D6 /* ContentView.swift */; };
		33872CD22874B5640006B5D6 /* Assets.xcassets in Resources */ = {isa = PBXBuildFile; fileRef = 33872CD12874B5640006B5D6 /* Assets.xcassets */; };
		33872CD52874B5640006B5D6 /* Preview Assets.xcassets in Resources */ = {isa = PBXBuildFile; fileRef = 33872CD42874B5640006B5D6 /* Preview Assets.xcassets */; };
		33872CDF2874B5640006B5D6 /* _TemmuzTests.swift in Sources */ = {isa = PBXBuildFile; fileRef = 33872CDE2874B5640006B5D6 /* _TemmuzTests.swift */; };
		33872CE92874B5640006B5D6 /* _TemmuzUITests.swift in Sources */ = {isa = PBXBuildFile; fileRef = 33872CE82874B5640006B5D6 /* _TemmuzUITests.swift */; };
		33872CEB2874B5640006B5D6 /* _TemmuzUITestsLaunchTests.swift in Sources */ = {isa = PBXBuildFile; fileRef = 33872CEA2874B5640006B5D6 /* _TemmuzUITestsLaunchTests.swift */; };
/* End PBXBuildFile section */

/* Begin PBXContainerItemProxy section */
		33872CDB2874B5640006B5D6 /* PBXContainerItemProxy */ = {
			isa = PBXContainerItemProxy;
			containerPortal = 33872CC22874B5610006B5D6 /* Project object */;
			proxyType = 1;
			remoteGlobalIDString = 33872CC92874B5610006B5D6;
			remoteInfo = 5Temmuz;
		};
		33872CE52874B5640006B5D6 /* PBXContainerItemProxy */ = {
			isa = PBXContainerItemProxy;
			containerPortal = 33872CC22874B5610006B5D6 /* Project object */;
			proxyType = 1;
			remoteGlobalIDString = 33872CC92874B5610006B5D6;
			remoteInfo = 5Temmuz;
		};
/* End PBXContainerItemProxy section */

/* Begin PBXFileReference section */
		33872CCA2874B5610006B5D6 /* 5Temmuz.app */ = {isa = PBXFileReference; explicitFileType = wrapper.application; includeInIndex = 0; path = 5Temmuz.app; sourceTree = BUILT_PRODUCTS_DIR; };
		33872CCD2874B5610006B5D6 /* _TemmuzApp.swift */ = {isa = PBXFileReference; lastKnownFileType = sourcecode.swift; path = _TemmuzApp.swift; sourceTree = "<group>"; };
		33872CCF2874B5610006B5D6 /* ContentView.swift */ = {isa = PBXFileReference; lastKnownFileType = sourcecode.swift; path = ContentView.swift; sourceTree = "<group>"; };
		33872CD12874B5640006B5D6 /* Assets.xcassets */ = {isa = PBXFileReference; lastKnownFileType = folder.assetcatalog; path = Assets.xcassets; sourceTree = "<group>"; };
		33872CD42874B5640006B5D6 /* Preview Assets.xcassets */ = {isa = PBXFileReference; lastKnownFileType = folder.assetcatalog; path = "Preview Assets.xcassets"; sourceTree = "<group>"; };
		33872CDA2874B5640006B5D6 /* 5TemmuzTests.xctest */ = {isa = PBXFileReference; explicitFileType = wrapper.cfbundle; includeInIndex = 0; path = 5TemmuzTests.xctest; sourceTree = BUILT_PRODUCTS_DIR; };
		33872CDE2874B5640006B5D6 /* _TemmuzTests.swift */ = {isa = PBXFileReference; lastKnownFileType = sourcecode.swift; path = _TemmuzTests.swift; sourceTree = "<group>"; };
		33872CE42874B5640006B5D6 /* 5TemmuzUITests.xctest */ = {isa = PBXFileReference; explicitFileType = wrapper.cfbundle; includeInIndex = 0; path = 5TemmuzUITests.xctest; sourceTree = BUILT_PRODUCTS_DIR; };
		33872CE82874B5640006B5D6 /* _TemmuzUITests.swift */ = {isa = PBXFileReference; lastKnownFileType = sourcecode.swift; path = _TemmuzUITests.swift; sourceTree = "<group>"; };
		33872CEA2874B5640006B5D6 /* _TemmuzUITestsLaunchTests.swift */ = {isa = PBXFileReference; lastKnownFileType = sourcecode.swift; path = _TemmuzUITestsLaunchTests.swift; sourceTree = "<group>"; };
/* End PBXFileReference section */

/* Begin PBXFrameworksBuildPhase section */
		33872CC72874B5610006B5D6 /* Frameworks */ = {
			isa = PBXFrameworksBuildPhase;
			buildActionMask = 2147483647;
			files = (
			);
			runOnlyForDeploymentPostprocessing = 0;
		};
		33872CD72874B5640006B5D6 /* Frameworks */ = {
			isa = PBXFrameworksBuildPhase;
			buildActionMask = 2147483647;
			files = (
			);
			runOnlyForDeploymentPostprocessing = 0;
		};
		33872CE12874B5640006B5D6 /* Frameworks */ = {
			isa = PBXFrameworksBuildPhase;
			buildActionMask = 2147483647;
			files = (
			);
			runOnlyForDeploymentPostprocessing = 0;
		};
/* End PBXFrameworksBuildPhase section */

/* Begin PBXGroup section */
		33872CC12874B5610006B5D6 = {
			isa = PBXGroup;
			children = (
				33872CCC2874B5610006B5D6 /* 5Temmuz */,
				33872CDD2874B5640006B5D6 /* 5TemmuzTests */,
				33872CE72874B5640006B5D6 /* 5TemmuzUITests */,
				33872CCB2874B5610006B5D6 /* Products */,
			);
			sourceTree = "<group>";
		};
		33872CCB2874B5610006B5D6 /* Products */ = {
			isa = PBXGroup;
			children = (
				33872CCA2874B5610006B5D6 /* 5Temmuz.app */,
				33872CDA2874B5640006B5D6 /* 5TemmuzTests.xctest */,
				33872CE42874B5640006B5D6 /* 5TemmuzUITests.xctest */,
			);
			name = Products;
			sourceTree = "<group>";
		};
		33872CCC2874B5610006B5D6 /* 5Temmuz */ = {
			isa = PBXGroup;
			children = (
				33872CCD2874B5610006B5D6 /* _TemmuzApp.swift */,
				33872CCF2874B5610006B5D6 /* ContentView.swift */,
				33872CD12874B5640006B5D6 /* Assets.xcassets */,
				33872CD32874B5640006B5D6 /* Preview Content */,
			);
			path = 5Temmuz;
			sourceTree = "<group>";
		};
		33872CD32874B5640006B5D6 /* Preview Content */ = {
			isa = PBXGroup;
			children = (
				33872CD42874B5640006B5D6 /* Preview Assets.xcassets */,
			);
			path = "Preview Content";
			sourceTree = "<group>";
		};
		33872CDD2874B5640006B5D6 /* 5TemmuzTests */ = {
			isa = PBXGroup;
			children = (
				33872CDE2874B5640006B5D6 /* _TemmuzTests.swift */,
			);
			path = 5TemmuzTests;
			sourceTree = "<group>";
		};
		33872CE72874B5640006B5D6 /* 5TemmuzUITests */ = {
			isa = PBXGroup;
			children = (
				33872CE82874B5640006B5D6 /* _TemmuzUITests.swift */,
				33872CEA2874B5640006B5D6 /* _TemmuzUITestsLaunchTests.swift */,
			);
			path = 5TemmuzUITests;
			sourceTree = "<group>";
		};
/* End PBXGroup section */

/* Begin PBXNativeTarget section */
		33872CC92874B5610006B5D6 /* 5Temmuz */ = {
			isa = PBXNativeTarget;
			buildConfigurationList = 33872CEE2874B5640006B5D6 /* Build configuration list for PBXNativeTarget "5Temmuz" */;
			buildPhases = (
				33872CC62874B5610006B5D6 /* Sources */,
				33872CC72874B5610006B5D6 /* Frameworks */,
				33872CC82874B5610006B5D6 /* Resources */,
			);
			buildRules = (
			);
			dependencies = (
			);
			name = 5Temmuz;
			productName = 5Temmuz;
			productReference = 33872CCA2874B5610006B5D6 /* 5Temmuz.app */;
			productType = "com.apple.product-type.application";
		};
		33872CD92874B5640006B5D6 /* 5TemmuzTests */ = {
			isa = PBXNativeTarget;
			buildConfigurationList = 33872CF12874B5640006B5D6 /* Build configuration list for PBXNativeTarget "5TemmuzTests" */;
			buildPhases = (
				33872CD62874B5640006B5D6 /* Sources */,
				33872CD72874B5640006B5D6 /* Frameworks */,
				33872CD82874B5640006B5D6 /* Resources */,
			);
			buildRules = (
			);
			dependencies = (
				33872CDC2874B5640006B5D6 /* PBXTargetDependency */,
			);
			name = 5TemmuzTests;
			productName = 5TemmuzTests;
			productReference = 33872CDA2874B5640006B5D6 /* 5TemmuzTests.xctest */;
			productType = "com.apple.product-type.bundle.unit-test";
		};
		33872CE32874B5640006B5D6 /* 5TemmuzUITests */ = {
			isa = PBXNativeTarget;
			buildConfigurationList = 33872CF42874B5640006B5D6 /* Build configuration list for PBXNativeTarget "5TemmuzUITests" */;
			buildPhases = (
				33872CE02874B5640006B5D6 /* Sources */,
				33872CE12874B5640006B5D6 /* Frameworks */,
				33872CE22874B5640006B5D6 /* Resources */,
			);
			buildRules = (
			);
			dependencies = (
				33872CE62874B5640006B5D6 /* PBXTargetDependency */,
			);
			name = 5TemmuzUITests;
			productName = 5TemmuzUITests;
			productReference = 33872CE42874B5640006B5D6 /* 5TemmuzUITests.xctest */;
			productType = "com.apple.product-type.bundle.ui-testing";
		};
/* End PBXNativeTarget section */

/* Begin PBXProject section */
		33872CC22874B5610006B5D6 /* Project object */ = {
			isa = PBXProject;
			attributes = {
				BuildIndependentTargetsInParallel = 1;
				LastSwiftUpdateCheck = 1340;
				LastUpgradeCheck = 1340;
				TargetAttributes = {
					33872CC92874B5610006B5D6 = {
						CreatedOnToolsVersion = 13.4.1;
					};
					33872CD92874B5640006B5D6 = {
						CreatedOnToolsVersion = 13.4.1;
						TestTargetID = 33872CC92874B5610006B5D6;
					};
					33872CE32874B5640006B5D6 = {
						CreatedOnToolsVersion = 13.4.1;
						TestTargetID = 33872CC92874B5610006B5D6;
					};
				};
			};
			buildConfigurationList = 33872CC52874B5610006B5D6 /* Build configuration list for PBXProject "5Temmuz" */;
			compatibilityVersion = "Xcode 13.0";
			developmentRegion = en;
			hasScannedForEncodings = 0;
			knownRegions = (
				en,
				Base,
			);
			mainGroup = 33872CC12874B5610006B5D6;
			productRefGroup = 33872CCB2874B5610006B5D6 /* Products */;
			projectDirPath = "";
			projectRoot = "";
			targets = (
				33872CC92874B5610006B5D6 /* 5Temmuz */,
				33872CD92874B5640006B5D6 /* 5TemmuzTests */,
				33872CE32874B5640006B5D6 /* 5TemmuzUITests */,
			);
		};
/* End PBXProject section */

/* Begin PBXResourcesBuildPhase section */
		33872CC82874B5610006B5D6 /* Resources */ = {
			isa = PBXResourcesBuildPhase;
			buildActionMask = 2147483647;
			files = (
				33872CD52874B5640006B5D6 /* Preview Assets.xcassets in Resources */,
				33872CD22874B5640006B5D6 /* Assets.xcassets in Resources */,
			);
			runOnlyForDeploymentPostprocessing = 0;
		};
		33872CD82874B5640006B5D6 /* Resources */ = {
			isa = PBXResourcesBuildPhase;
			buildActionMask = 2147483647;
			files = (
			);
			runOnlyForDeploymentPostprocessing = 0;
		};
		33872CE22874B5640006B5D6 /* Resources */ = {
			isa = PBXResourcesBuildPhase;
			buildActionMask = 2147483647;
			files = (
			);
			runOnlyForDeploymentPostprocessing = 0;
		};
/* End PBXResourcesBuildPhase section */

/* Begin PBXSourcesBuildPhase section */
		33872CC62874B5610006B5D6 /* Sources */ = {
			isa = PBXSourcesBuildPhase;
			buildActionMask = 2147483647;
			files = (
				33872CD02874B5610006B5D6 /* ContentView.swift in Sources */,
				33872CCE2874B5610006B5D6 /* _TemmuzApp.swift in Sources */,
			);
			runOnlyForDeploymentPostprocessing = 0;
		};
		33872CD62874B5640006B5D6 /* Sources */ = {
			isa = PBXSourcesBuildPhase;
			buildActionMask = 2147483647;
			files = (
				33872CDF2874B5640006B5D6 /* _TemmuzTests.swift in Sources */,
			);
			runOnlyForDeploymentPostprocessing = 0;
		};
		33872CE02874B5640006B5D6 /* Sources */ = {
			isa = PBXSourcesBuildPhase;
			buildActionMask = 2147483647;
			files = (
				33872CEB2874B5640006B5D6 /* _TemmuzUITestsLaunchTests.swift in Sources */,
				33872CE92874B5640006B5D6 /* _TemmuzUITests.swift in Sources */,
			);
			runOnlyForDeploymentPostprocessing = 0;
		};
/* End PBXSourcesBuildPhase section */

/* Begin PBXTargetDependency section */
		33872CDC2874B5640006B5D6 /* PBXTargetDependency */ = {
			isa = PBXTargetDependency;
			target = 33872CC92874B5610006B5D6 /* 5Temmuz */;
			targetProxy = 33872CDB2874B5640006B5D6 /* PBXContainerItemProxy */;
		};
		33872CE62874B5640006B5D6 /* PBXTargetDependency */ = {
			isa = PBXTargetDependency;
			target = 33872CC92874B5610006B5D6 /* 5Temmuz */;
			targetProxy = 33872CE52874B5640006B5D6 /* PBXContainerItemProxy */;
		};
/* End PBXTargetDependency section */

/* Begin XCBuildConfiguration section */
		33872CEC2874B5640006B5D6 /* Debug */ = {
			isa = XCBuildConfiguration;
			buildSettings = {
				ALWAYS_SEARCH_USER_PATHS = NO;
				CLANG_ANALYZER_NONNULL = YES;
				CLANG_ANALYZER_NUMBER_OBJECT_CONVERSION = YES_AGGRESSIVE;
				CLANG_CXX_LANGUAGE_STANDARD = "gnu++17";
				CLANG_ENABLE_MODULES = YES;
				CLANG_ENABLE_OBJC_ARC = YES;
				CLANG_ENABLE_OBJC_WEAK = YES;
				CLANG_WARN_BLOCK_CAPTURE_AUTORELEASING = YES;
				CLANG_WARN_BOOL_CONVERSION = YES;
				CLANG_WARN_COMMA = YES;
				CLANG_WARN_CONSTANT_CONVERSION = YES;
				CLANG_WARN_DEPRECATED_OBJC_IMPLEMENTATIONS = YES;
				CLANG_WARN_DIRECT_OBJC_ISA_USAGE = YES_ERROR;
				CLANG_WARN_DOCUMENTATION_COMMENTS = YES;
				CLANG_WARN_EMPTY_BODY = YES;
				CLANG_WARN_ENUM_CONVERSION = YES;
				CLANG_WARN_INFINITE_RECURSION = YES;
				CLANG_WARN_INT_CONVERSION = YES;
				CLANG_WARN_NON_LITERAL_NULL_CONVERSION = YES;
				CLANG_WARN_OBJC_IMPLICIT_RETAIN_SELF = YES;
				CLANG_WARN_OBJC_LITERAL_CONVERSION = YES;
				CLANG_WARN_OBJC_ROOT_CLASS = YES_ERROR;
				CLANG_WARN_QUOTED_INCLUDE_IN_FRAMEWORK_HEADER = YES;
				CLANG_WARN_RANGE_LOOP_ANALYSIS = YES;
				CLANG_WARN_STRICT_PROTOTYPES = YES;
				CLANG_WARN_SUSPICIOUS_MOVE = YES;
				CLANG_WARN_UNGUARDED_AVAILABILITY = YES_AGGRESSIVE;
				CLANG_WARN_UNREACHABLE_CODE = YES;
				CLANG_WARN__DUPLICATE_METHOD_MATCH = YES;
				COPY_PHASE_STRIP = NO;
				DEBUG_INFORMATION_FORMAT = dwarf;
				ENABLE_STRICT_OBJC_MSGSEND = YES;
				ENABLE_TESTABILITY = YES;
				GCC_C_LANGUAGE_STANDARD = gnu11;
				GCC_DYNAMIC_NO_PIC = NO;
				GCC_NO_COMMON_BLOCKS = YES;
				GCC_OPTIMIZATION_LEVEL = 0;
				GCC_PREPROCESSOR_DEFINITIONS = (
					"DEBUG=1",
					"$(inherited)",
				);
				GCC_WARN_64_TO_32_BIT_CONVERSION = YES;
				GCC_WARN_ABOUT_RETURN_TYPE = YES_ERROR;
				GCC_WARN_UNDECLARED_SELECTOR = YES;
				GCC_WARN_UNINITIALIZED_AUTOS = YES_AGGRESSIVE;
				GCC_WARN_UNUSED_FUNCTION = YES;
				GCC_WARN_UNUSED_VARIABLE = YES;
				IPHONEOS_DEPLOYMENT_TARGET = 15.5;
				MTL_ENABLE_DEBUG_INFO = INCLUDE_SOURCE;
				MTL_FAST_MATH = YES;
				ONLY_ACTIVE_ARCH = YES;
				SDKROOT = iphoneos;
				SWIFT_ACTIVE_COMPILATION_CONDITIONS = DEBUG;
				SWIFT_OPTIMIZATION_LEVEL = "-Onone";
			};
			name = Debug;
		};
		33872CED2874B5640006B5D6 /* Release */ = {
			isa = XCBuildConfiguration;
			buildSettings = {
				ALWAYS_SEARCH_USER_PATHS = NO;
				CLANG_ANALYZER_NONNULL = YES;
				CLANG_ANALYZER_NUMBER_OBJECT_CONVERSION = YES_AGGRESSIVE;
				CLANG_CXX_LANGUAGE_STANDARD = "gnu++17";
				CLANG_ENABLE_MODULES = YES;
				CLANG_ENABLE_OBJC_ARC = YES;
				CLANG_ENABLE_OBJC_WEAK = YES;
				CLANG_WARN_BLOCK_CAPTURE_AUTORELEASING = YES;
				CLANG_WARN_BOOL_CONVERSION = YES;
				CLANG_WARN_COMMA = YES;
				CLANG_WARN_CONSTANT_CONVERSION = YES;
				CLANG_WARN_DEPRECATED_OBJC_IMPLEMENTATIONS = YES;
				CLANG_WARN_DIRECT_OBJC_ISA_USAGE = YES_ERROR;
				CLANG_WARN_DOCUMENTATION_COMMENTS = YES;
				CLANG_WARN_EMPTY_BODY = YES;
				CLANG_WARN_ENUM_CONVERSION = YES;
				CLANG_WARN_INFINITE_RECURSION = YES;
				CLANG_WARN_INT_CONVERSION = YES;
				CLANG_WARN_NON_LITERAL_NULL_CONVERSION = YES;
				CLANG_WARN_OBJC_IMPLICIT_RETAIN_SELF = YES;
				CLANG_WARN_OBJC_LITERAL_CONVERSION = YES;
				CLANG_WARN_OBJC_ROOT_CLASS = YES_ERROR;
				CLANG_WARN_QUOTED_INCLUDE_IN_FRAMEWORK_HEADER = YES;
				CLANG_WARN_RANGE_LOOP_ANALYSIS = YES;
				CLANG_WARN_STRICT_PROTOTYPES = YES;
				CLANG_WARN_SUSPICIOUS_MOVE = YES;
				CLANG_WARN_UNGUARDED_AVAILABILITY = YES_AGGRESSIVE;
				CLANG_WARN_UNREACHABLE_CODE = YES;
				CLANG_WARN__DUPLICATE_METHOD_MATCH = YES;
				COPY_PHASE_STRIP = NO;
				DEBUG_INFORMATION_FORMAT = "dwarf-with-dsym";
				ENABLE_NS_ASSERTIONS = NO;
				ENABLE_STRICT_OBJC_MSGSEND = YES;
				GCC_C_LANGUAGE_STANDARD = gnu11;
				GCC_NO_COMMON_BLOCKS = YES;
				GCC_WARN_64_TO_32_BIT_CONVERSION = YES;
				GCC_WARN_ABOUT_RETURN_TYPE = YES_ERROR;
				GCC_WARN_UNDECLARED_SELECTOR = YES;
				GCC_WARN_UNINITIALIZED_AUTOS = YES_AGGRESSIVE;
				GCC_WARN_UNUSED_FUNCTION = YES;
				GCC_WARN_UNUSED_VARIABLE = YES;
				IPHONEOS_DEPLOYMENT_TARGET = 15.5;
				MTL_ENABLE_DEBUG_INFO = NO;
				MTL_FAST_MATH = YES;
				SDKROOT = iphoneos;
				SWIFT_COMPILATION_MODE = wholemodule;
				SWIFT_OPTIMIZATION_LEVEL = "-O";
				VALIDATE_PRODUCT = YES;
			};
			name = Release;
		};
		33872CEF2874B5640006B5D6 /* Debug */ = {
			isa = XCBuildConfiguration;
			buildSettings = {
				ASSETCATALOG_COMPILER_APPICON_NAME = AppIcon;
				ASSETCATALOG_COMPILER_GLOBAL_ACCENT_COLOR_NAME = AccentColor;
				CODE_SIGN_STYLE = Automatic;
				CURRENT_PROJECT_VERSION = 1;
				DEVELOPMENT_ASSET_PATHS = "\"5Temmuz/Preview Content\"";
				DEVELOPMENT_TEAM = JPCNRRX5YA;
				ENABLE_PREVIEWS = YES;
				GENERATE_INFOPLIST_FILE = YES;
				INFOPLIST_KEY_UIApplicationSceneManifest_Generation = YES;
				INFOPLIST_KEY_UIApplicationSupportsIndirectInputEvents = YES;
				INFOPLIST_KEY_UILaunchScreen_Generation = YES;
				INFOPLIST_KEY_UISupportedInterfaceOrientations_iPad = "UIInterfaceOrientationPortrait UIInterfaceOrientationPortraitUpsideDown UIInterfaceOrientationLandscapeLeft UIInterfaceOrientationLandscapeRight";
				INFOPLIST_KEY_UISupportedInterfaceOrientations_iPhone = "UIInterfaceOrientationPortrait UIInterfaceOrientationLandscapeLeft UIInterfaceOrientationLandscapeRight";
				LD_RUNPATH_SEARCH_PATHS = (
					"$(inherited)",
					"@executable_path/Frameworks",
				);
				MARKETING_VERSION = 1.0;
				PRODUCT_BUNDLE_IDENTIFIER = "com.yusuf.-Temmuz";
				PRODUCT_NAME = "$(TARGET_NAME)";
				SWIFT_EMIT_LOC_STRINGS = YES;
				SWIFT_VERSION = 5.0;
				TARGETED_DEVICE_FAMILY = "1,2";
			};
			name = Debug;
		};
		33872CF02874B5640006B5D6 /* Release */ = {
			isa = XCBuildConfiguration;
			buildSettings = {
				ASSETCATALOG_COMPILER_APPICON_NAME = AppIcon;
				ASSETCATALOG_COMPILER_GLOBAL_ACCENT_COLOR_NAME = AccentColor;
				CODE_SIGN_STYLE = Automatic;
				CURRENT_PROJECT_VERSION = 1;
				DEVELOPMENT_ASSET_PATHS = "\"5Temmuz/Preview Content\"";
				DEVELOPMENT_TEAM = JPCNRRX5YA;
				ENABLE_PREVIEWS = YES;
				GENERATE_INFOPLIST_FILE = YES;
				INFOPLIST_KEY_UIApplicationSceneManifest_Generation = YES;
				INFOPLIST_KEY_UIApplicationSupportsIndirectInputEvents = YES;
				INFOPLIST_KEY_UILaunchScreen_Generation = YES;
				INFOPLIST_KEY_UISupportedInterfaceOrientations_iPad = "UIInterfaceOrientationPortrait UIInterfaceOrientationPortraitUpsideDown UIInterfaceOrientationLandscapeLeft UIInterfaceOrientationLandscapeRight";
				INFOPLIST_KEY_UISupportedInterfaceOrientations_iPhone = "UIInterfaceOrientationPortrait UIInterfaceOrientationLandscapeLeft UIInterfaceOrientationLandscapeRight";
				LD_RUNPATH_SEARCH_PATHS = (
					"$(inherited)",
					"@executable_path/Frameworks",
				);
				MARKETING_VERSION = 1.0;
				PRODUCT_BUNDLE_IDENTIFIER = "com.yusuf.-Temmuz";
				PRODUCT_NAME = "$(TARGET_NAME)";
				SWIFT_EMIT_LOC_STRINGS = YES;
				SWIFT_VERSION = 5.0;
				TARGETED_DEVICE_FAMILY = "1,2";
			};
			name = Release;
		};
		33872CF22874B5640006B5D6 /* Debug */ = {
			isa = XCBuildConfiguration;
			buildSettings = {
				ALWAYS_EMBED_SWIFT_STANDARD_LIBRARIES = YES;
				BUNDLE_LOADER = "$(TEST_HOST)";
				CODE_SIGN_STYLE = Automatic;
				CURRENT_PROJECT_VERSION = 1;
				DEVELOPMENT_TEAM = JPCNRRX5YA;
				GENERATE_INFOPLIST_FILE = YES;
				IPHONEOS_DEPLOYMENT_TARGET = 15.5;
				MARKETING_VERSION = 1.0;
				PRODUCT_BUNDLE_IDENTIFIER = "com.yusuf.-TemmuzTests";
				PRODUCT_NAME = "$(TARGET_NAME)";
				SWIFT_EMIT_LOC_STRINGS = NO;
				SWIFT_VERSION = 5.0;
				TARGETED_DEVICE_FAMILY = "1,2";
				TEST_HOST = "$(BUILT_PRODUCTS_DIR)/5Temmuz.app/5Temmuz";
			};
			name = Debug;
		};
		33872CF32874B5640006B5D6 /* Release */ = {
			isa = XCBuildConfiguration;
			buildSettings = {
				ALWAYS_EMBED_SWIFT_STANDARD_LIBRARIES = YES;
				BUNDLE_LOADER = "$(TEST_HOST)";
				CODE_SIGN_STYLE = Automatic;
				CURRENT_PROJECT_VERSION = 1;
				DEVELOPMENT_TEAM = JPCNRRX5YA;
				GENERATE_INFOPLIST_FILE = YES;
				IPHONEOS_DEPLOYMENT_TARGET = 15.5;
				MARKETING_VERSION = 1.0;
				PRODUCT_BUNDLE_IDENTIFIER = "com.yusuf.-TemmuzTests";
				PRODUCT_NAME = "$(TARGET_NAME)";
				SWIFT_EMIT_LOC_STRINGS = NO;
				SWIFT_VERSION = 5.0;
				TARGETED_DEVICE_FAMILY = "1,2";
				TEST_HOST = "$(BUILT_PRODUCTS_DIR)/5Temmuz.app/5Temmuz";
			};
			name = Release;
		};
		33872CF52874B5640006B5D6 /* Debug */ = {
			isa = XCBuildConfiguration;
			buildSettings = {
				ALWAYS_EMBED_SWIFT_STANDARD_LIBRARIES = YES;
				CODE_SIGN_STYLE = Automatic;
				CURRENT_PROJECT_VERSION = 1;
				DEVELOPMENT_TEAM = JPCNRRX5YA;
				GENERATE_INFOPLIST_FILE = YES;
				MARKETING_VERSION = 1.0;
				PRODUCT_BUNDLE_IDENTIFIER = "com.yusuf.-TemmuzUITests";
				PRODUCT_NAME = "$(TARGET_NAME)";
				SWIFT_EMIT_LOC_STRINGS = NO;
				SWIFT_VERSION = 5.0;
				TARGETED_DEVICE_FAMILY = "1,2";
				TEST_TARGET_NAME = 5Temmuz;
			};
			name = Debug;
		};
		33872CF62874B5640006B5D6 /* Release */ = {
			isa = XCBuildConfiguration;
			buildSettings = {
				ALWAYS_EMBED_SWIFT_STANDARD_LIBRARIES = YES;
				CODE_SIGN_STYLE = Automatic;
				CURRENT_PROJECT_VERSION = 1;
				DEVELOPMENT_TEAM = JPCNRRX5YA;
				GENERATE_INFOPLIST_FILE = YES;
				MARKETING_VERSION = 1.0;
				PRODUCT_BUNDLE_IDENTIFIER = "com.yusuf.-TemmuzUITests";
				PRODUCT_NAME = "$(TARGET_NAME)";
				SWIFT_EMIT_LOC_STRINGS = NO;
				SWIFT_VERSION = 5.0;
				TARGETED_DEVICE_FAMILY = "1,2";
				TEST_TARGET_NAME = 5Temmuz;
			};
			name = Release;
		};
/* End XCBuildConfiguration section */

/* Begin XCConfigurationList section */
		33872CC52874B5610006B5D6 /* Build configuration list for PBXProject "5Temmuz" */ = {
			isa = XCConfigurationList;
			buildConfigurations = (
				33872CEC2874B5640006B5D6 /* Debug */,
				33872CED2874B5640006B5D6 /* Release */,
			);
			defaultConfigurationIsVisible = 0;
			defaultConfigurationName = Release;
		};
		33872CEE2874B5640006B5D6 /* Build configuration list for PBXNativeTarget "5Temmuz" */ = {
			isa = XCConfigurationList;
			buildConfigurations = (
				33872CEF2874B5640006B5D6 /* Debug */,
				33872CF02874B5640006B5D6 /* Release */,
			);
			defaultConfigurationIsVisible = 0;
			defaultConfigurationName = Release;
		};
		33872CF12874B5640006B5D6 /* Build configuration list for PBXNativeTarget "5TemmuzTests" */ = {
			isa = XCConfigurationList;
			buildConfigurations = (
				33872CF22874B5640006B5D6 /* Debug */,
				33872CF32874B5640006B5D6 /* Release */,
			);
			defaultConfigurationIsVisible = 0;
			defaultConfigurationName = Release;
		};
		33872CF42874B5640006B5D6 /* Build configuration list for PBXNativeTarget "5TemmuzUITests" */ = {
			isa = XCConfigurationList;
			buildConfigurations = (
				33872CF52874B5640006B5D6 /* Debug */,
				33872CF62874B5640006B5D6 /* Release */,
			);
			defaultConfigurationIsVisible = 0;
			defaultConfigurationName = Release;
		};
/* End XCConfigurationList section */
	};
	rootObject = 33872CC22874B5610006B5D6 /* Project object */;
}
